// !$*UTF8*$!
{
	archiveVersion = 1;
	classes = {
	};
	objectVersion = 50;
	objects = {

/* Begin PBXBuildFile section */
		1C7795B3228BEF1700247155 /* AppDelegate.m in Sources */ = {isa = PBXBuildFile; fileRef = 1C7795B2228BEF1700247155 /* AppDelegate.m */; };
		1C7795B6228BEF1700247155 /* ViewController.m in Sources */ = {isa = PBXBuildFile; fileRef = 1C7795B5228BEF1700247155 /* ViewController.m */; };
		1C7795B9228BEF1700247155 /* Main.storyboard in Resources */ = {isa = PBXBuildFile; fileRef = 1C7795B7228BEF1700247155 /* Main.storyboard */; };
		1C7795BB228BEF1800247155 /* Assets.xcassets in Resources */ = {isa = PBXBuildFile; fileRef = 1C7795BA228BEF1800247155 /* Assets.xcassets */; };
		1C7795BE228BEF1800247155 /* LaunchScreen.storyboard in Resources */ = {isa = PBXBuildFile; fileRef = 1C7795BC228BEF1800247155 /* LaunchScreen.storyboard */; };
		1C7795C1228BEF1800247155 /* main.m in Sources */ = {isa = PBXBuildFile; fileRef = 1C7795C0228BEF1800247155 /* main.m */; };
		F363B3C64F117D0FC9650DF4 /* libPods-TQHtmlParseDemo.a in Frameworks */ = {isa = PBXBuildFile; fileRef = 5860AF137C2B5C4A63E28CA5 /* libPods-TQHtmlParseDemo.a */; };
/* End PBXBuildFile section */

/* Begin PBXFileReference section */
		1C7795AE228BEF1700247155 /* TQHtmlParseDemo.app */ = {isa = PBXFileReference; explicitFileType = wrapper.application; includeInIndex = 0; path = TQHtmlParseDemo.app; sourceTree = BUILT_PRODUCTS_DIR; };
		1C7795B1228BEF1700247155 /* AppDelegate.h */ = {isa = PBXFileReference; lastKnownFileType = sourcecode.c.h; path = AppDelegate.h; sourceTree = "<group>"; };
		1C7795B2228BEF1700247155 /* AppDelegate.m */ = {isa = PBXFileReference; lastKnownFileType = sourcecode.c.objc; path = AppDelegate.m; sourceTree = "<group>"; };
		1C7795B4228BEF1700247155 /* ViewController.h */ = {isa = PBXFileReference; lastKnownFileType = sourcecode.c.h; path = ViewController.h; sourceTree = "<group>"; };
		1C7795B5228BEF1700247155 /* ViewController.m */ = {isa = PBXFileReference; lastKnownFileType = sourcecode.c.objc; path = ViewController.m; sourceTree = "<group>"; };
		1C7795B8228BEF1700247155 /* Base */ = {isa = PBXFileReference; lastKnownFileType = file.storyboard; name = Base; path = Base.lproj/Main.storyboard; sourceTree = "<group>"; };
		1C7795BA228BEF1800247155 /* Assets.xcassets */ = {isa = PBXFileReference; lastKnownFileType = folder.assetcatalog; path = Assets.xcassets; sourceTree = "<group>"; };
		1C7795BD228BEF1800247155 /* Base */ = {isa = PBXFileReference; lastKnownFileType = file.storyboard; name = Base; path = Base.lproj/LaunchScreen.storyboard; sourceTree = "<group>"; };
		1C7795BF228BEF1800247155 /* Info.plist */ = {isa = PBXFileReference; lastKnownFileType = text.plist.xml; path = Info.plist; sourceTree = "<group>"; };
		1C7795C0228BEF1800247155 /* main.m */ = {isa = PBXFileReference; lastKnownFileType = sourcecode.c.objc; path = main.m; sourceTree = "<group>"; };
		5860AF137C2B5C4A63E28CA5 /* libPods-TQHtmlParseDemo.a */ = {isa = PBXFileReference; explicitFileType = archive.ar; includeInIndex = 0; path = "libPods-TQHtmlParseDemo.a"; sourceTree = BUILT_PRODUCTS_DIR; };
		8748AA8186704A18CE319608 /* Pods-TQHtmlParseDemo.release.xcconfig */ = {isa = PBXFileReference; includeInIndex = 1; lastKnownFileType = text.xcconfig; name = "Pods-TQHtmlParseDemo.release.xcconfig"; path = "Target Support Files/Pods-TQHtmlParseDemo/Pods-TQHtmlParseDemo.release.xcconfig"; sourceTree = "<group>"; };
		FFA776689CC9DAEA7BC46581 /* Pods-TQHtmlParseDemo.debug.xcconfig */ = {isa = PBXFileReference; includeInIndex = 1; lastKnownFileType = text.xcconfig; name = "Pods-TQHtmlParseDemo.debug.xcconfig"; path = "Target Support Files/Pods-TQHtmlParseDemo/Pods-TQHtmlParseDemo.debug.xcconfig"; sourceTree = "<group>"; };
/* End PBXFileReference section */

/* Begin PBXFrameworksBuildPhase section */
		1C7795AB228BEF1700247155 /* Frameworks */ = {
			isa = PBXFrameworksBuildPhase;
			buildActionMask = 2147483647;
			files = (
				F363B3C64F117D0FC9650DF4 /* libPods-TQHtmlParseDemo.a in Frameworks */,
			);
			runOnlyForDeploymentPostprocessing = 0;
		};
/* End PBXFrameworksBuildPhase section */

/* Begin PBXGroup section */
		1C7795A5228BEF1700247155 = {
			isa = PBXGroup;
			children = (
				1C7795B0228BEF1700247155 /* TQHtmlParseDemo */,
				1C7795AF228BEF1700247155 /* Products */,
				DD94434EAE7211F32B715790 /* Pods */,
				F37FFEFA07ED249361348D4B /* Frameworks */,
			);
			sourceTree = "<group>";
		};
		1C7795AF228BEF1700247155 /* Products */ = {
			isa = PBXGroup;
			children = (
				1C7795AE228BEF1700247155 /* TQHtmlParseDemo.app */,
			);
			name = Products;
			sourceTree = "<group>";
		};
		1C7795B0228BEF1700247155 /* TQHtmlParseDemo */ = {
			isa = PBXGroup;
			children = (
				1C7795B1228BEF1700247155 /* AppDelegate.h */,
				1C7795B2228BEF1700247155 /* AppDelegate.m */,
				1C7795B4228BEF1700247155 /* ViewController.h */,
				1C7795B5228BEF1700247155 /* ViewController.m */,
				1C7795B7228BEF1700247155 /* Main.storyboard */,
				1C7795BA228BEF1800247155 /* Assets.xcassets */,
				1C7795BC228BEF1800247155 /* LaunchScreen.storyboard */,
				1C7795BF228BEF1800247155 /* Info.plist */,
				1C7795C0228BEF1800247155 /* main.m */,
			);
			path = TQHtmlParseDemo;
			sourceTree = "<group>";
		};
		DD94434EAE7211F32B715790 /* Pods */ = {
			isa = PBXGroup;
			children = (
				FFA776689CC9DAEA7BC46581 /* Pods-TQHtmlParseDemo.debug.xcconfig */,
				8748AA8186704A18CE319608 /* Pods-TQHtmlParseDemo.release.xcconfig */,
			);
			name = Pods;
			path = Pods;
			sourceTree = "<group>";
		};
		F37FFEFA07ED249361348D4B /* Frameworks */ = {
			isa = PBXGroup;
			children = (
				5860AF137C2B5C4A63E28CA5 /* libPods-TQHtmlParseDemo.a */,
			);
			name = Frameworks;
			sourceTree = "<group>";
		};
/* End PBXGroup section */

/* Begin PBXNativeTarget section */
		1C7795AD228BEF1700247155 /* TQHtmlParseDemo */ = {
			isa = PBXNativeTarget;
			buildConfigurationList = 1C7795C4228BEF1800247155 /* Build configuration list for PBXNativeTarget "TQHtmlParseDemo" */;
			buildPhases = (
				457C000F432C48A45D80588D /* [CP] Check Pods Manifest.lock */,
				1C7795AA228BEF1700247155 /* Sources */,
				1C7795AB228BEF1700247155 /* Frameworks */,
				1C7795AC228BEF1700247155 /* Resources */,
			);
			buildRules = (
			);
			dependencies = (
			);
			name = TQHtmlParseDemo;
			productName = TQHtmlParseDemo;
			productReference = 1C7795AE228BEF1700247155 /* TQHtmlParseDemo.app */;
			productType = "com.apple.product-type.application";
		};
/* End PBXNativeTarget section */

/* Begin PBXProject section */
		1C7795A6228BEF1700247155 /* Project object */ = {
			isa = PBXProject;
			attributes = {
				LastUpgradeCheck = 1010;
				ORGANIZATIONNAME = edu24ol;
				TargetAttributes = {
					1C7795AD228BEF1700247155 = {
						CreatedOnToolsVersion = 10.1;
					};
				};
			};
			buildConfigurationList = 1C7795A9228BEF1700247155 /* Build configuration list for PBXProject "TQHtmlParseDemo" */;
			compatibilityVersion = "Xcode 9.3";
			developmentRegion = en;
			hasScannedForEncodings = 0;
			knownRegions = (
				en,
				Base,
			);
			mainGroup = 1C7795A5228BEF1700247155;
			productRefGroup = 1C7795AF228BEF1700247155 /* Products */;
			projectDirPath = "";
			projectRoot = "";
			targets = (
				1C7795AD228BEF1700247155 /* TQHtmlParseDemo */,
			);
		};
/* End PBXProject section */

/* Begin PBXResourcesBuildPhase section */
		1C7795AC228BEF1700247155 /* Resources */ = {
			isa = PBXResourcesBuildPhase;
			buildActionMask = 2147483647;
			files = (
				1C7795BE228BEF1800247155 /* LaunchScreen.storyboard in Resources */,
				1C7795BB228BEF1800247155 /* Assets.xcassets in Resources */,
				1C7795B9228BEF1700247155 /* Main.storyboard in Resources */,
			);
			runOnlyForDeploymentPostprocessing = 0;
		};
/* End PBXResourcesBuildPhase section */

/* Begin PBXShellScriptBuildPhase section */
		457C000F432C48A45D80588D /* [CP] Check Pods Manifest.lock */ = {
			isa = PBXShellScriptBuildPhase;
			buildActionMask = 2147483647;
			files = (
			);
			inputFileListPaths = (
			);
			inputPaths = (
				"${PODS_PODFILE_DIR_PATH}/Podfile.lock",
				"${PODS_ROOT}/Manifest.lock",
			);
			name = "[CP] Check Pods Manifest.lock";
			outputFileListPaths = (
			);
			outputPaths = (
				"$(DERIVED_FILE_DIR)/Pods-TQHtmlParseDemo-checkManifestLockResult.txt",
			);
			runOnlyForDeploymentPostprocessing = 0;
			shellPath = /bin/sh;
			shellScript = "diff \"${PODS_PODFILE_DIR_PATH}/Podfile.lock\" \"${PODS_ROOT}/Manifest.lock\" > /dev/null\nif [ $? != 0 ] ; then\n    # print error to STDERR\n    echo \"error: The sandbox is not in sync with the Podfile.lock. Run 'pod install' or update your CocoaPods installation.\" >&2\n    exit 1\nfi\n# This output is used by Xcode 'outputs' to avoid re-running this script phase.\necho \"SUCCESS\" > \"${SCRIPT_OUTPUT_FILE_0}\"\n";
			showEnvVarsInLog = 0;
		};
/* End PBXShellScriptBuildPhase section */

/* Begin PBXSourcesBuildPhase section */
		1C7795AA228BEF1700247155 /* Sources */ = {
			isa = PBXSourcesBuildPhase;
			buildActionMask = 2147483647;
			files = (
				1C7795B6228BEF1700247155 /* ViewController.m in Sources */,
				1C7795C1228BEF1800247155 /* main.m in Sources */,
				1C7795B3228BEF1700247155 /* AppDelegate.m in Sources */,
			);
			runOnlyForDeploymentPostprocessing = 0;
		};
/* End PBXSourcesBuildPhase section */

/* Begin PBXVariantGroup section */
		1C7795B7228BEF1700247155 /* Main.storyboard */ = {
			isa = PBXVariantGroup;
			children = (
				1C7795B8228BEF1700247155 /* Base */,
			);
			name = Main.storyboard;
			sourceTree = "<group>";
		};
		1C7795BC228BEF1800247155 /* LaunchScreen.storyboard */ = {
			isa = PBXVariantGroup;
			children = (
				1C7795BD228BEF1800247155 /* Base */,
			);
			name = LaunchScreen.storyboard;
			sourceTree = "<group>";
		};
/* End PBXVariantGroup section */

/* Begin XCBuildConfiguration section */
		1C7795C2228BEF1800247155 /* Debug */ = {
			isa = XCBuildConfiguration;
			buildSettings = {
				ALWAYS_SEARCH_USER_PATHS = NO;
				CLANG_ANALYZER_NONNULL = YES;
				CLANG_ANALYZER_NUMBER_OBJECT_CONVERSION = YES_AGGRESSIVE;
				CLANG_CXX_LANGUAGE_STANDARD = "gnu++14";
				CLANG_CXX_LIBRARY = "libc++";
				CLANG_ENABLE_MODULES = YES;
				CLANG_ENABLE_OBJC_ARC = YES;
				CLANG_ENABLE_OBJC_WEAK = YES;
				CLANG_WARN_BLOCK_CAPTURE_AUTORELEASING = YES;
				CLANG_WARN_BOOL_CONVERSION = YES;
				CLANG_WARN_COMMA = YES;
				CLANG_WARN_CONSTANT_CONVERSION = YES;
				CLANG_WARN_DEPRECATED_OBJC_IMPLEMENTATIONS = YES;
				CLANG_WARN_DIRECT_OBJC_ISA_USAGE = YES_ERROR;
				CLANG_WARN_DOCUMENTATION_COMMENTS = YES;
				CLANG_WARN_EMPTY_BODY = YES;
				CLANG_WARN_ENUM_CONVERSION = YES;
				CLANG_WARN_INFINITE_RECURSION = YES;
				CLANG_WARN_INT_CONVERSION = YES;
				CLANG_WARN_NON_LITERAL_NULL_CONVERSION = YES;
				CLANG_WARN_OBJC_IMPLICIT_RETAIN_SELF = YES;
				CLANG_WARN_OBJC_LITERAL_CONVERSION = YES;
				CLANG_WARN_OBJC_ROOT_CLASS = YES_ERROR;
				CLANG_WARN_RANGE_LOOP_ANALYSIS = YES;
				CLANG_WARN_STRICT_PROTOTYPES = YES;
				CLANG_WARN_SUSPICIOUS_MOVE = YES;
				CLANG_WARN_UNGUARDED_AVAILABILITY = YES_AGGRESSIVE;
				CLANG_WARN_UNREACHABLE_CODE = YES;
				CLANG_WARN__DUPLICATE_METHOD_MATCH = YES;
				CODE_SIGN_IDENTITY = "iPhone Developer";
				COPY_PHASE_STRIP = NO;
				DEBUG_INFORMATION_FORMAT = dwarf;
				ENABLE_STRICT_OBJC_MSGSEND = YES;
				ENABLE_TESTABILITY = YES;
				GCC_C_LANGUAGE_STANDARD = gnu11;
				GCC_DYNAMIC_NO_PIC = NO;
				GCC_NO_COMMON_BLOCKS = YES;
				GCC_OPTIMIZATION_LEVEL = 0;
				GCC_PREPROCESSOR_DEFINITIONS = (
					"DEBUG=1",
					"$(inherited)",
				);
				GCC_WARN_64_TO_32_BIT_CONVERSION = YES;
				GCC_WARN_ABOUT_RETURN_TYPE = YES_ERROR;
				GCC_WARN_UNDECLARED_SELECTOR = YES;
				GCC_WARN_UNINITIALIZED_AUTOS = YES_AGGRESSIVE;
				GCC_WARN_UNUSED_FUNCTION = YES;
				GCC_WARN_UNUSED_VARIABLE = YES;
				IPHONEOS_DEPLOYMENT_TARGET = 12.1;
				MTL_ENABLE_DEBUG_INFO = INCLUDE_SOURCE;
				MTL_FAST_MATH = YES;
				ONLY_ACTIVE_ARCH = YES;
				SDKROOT = iphoneos;
			};
			name = Debug;
		};
		1C7795C3228BEF1800247155 /* Release */ = {
			isa = XCBuildConfiguration;
			buildSettings = {
				ALWAYS_SEARCH_USER_PATHS = NO;
				CLANG_ANALYZER_NONNULL = YES;
				CLANG_ANALYZER_NUMBER_OBJECT_CONVERSION = YES_AGGRESSIVE;
				CLANG_CXX_LANGUAGE_STANDARD = "gnu++14";
				CLANG_CXX_LIBRARY = "libc++";
				CLANG_ENABLE_MODULES = YES;
				CLANG_ENABLE_OBJC_ARC = YES;
				CLANG_ENABLE_OBJC_WEAK = YES;
				CLANG_WARN_BLOCK_CAPTURE_AUTORELEASING = YES;
				CLANG_WARN_BOOL_CONVERSION = YES;
				CLANG_WARN_COMMA = YES;
				CLANG_WARN_CONSTANT_CONVERSION = YES;
				CLANG_WARN_DEPRECATED_OBJC_IMPLEMENTATIONS = YES;
				CLANG_WARN_DIRECT_OBJC_ISA_USAGE = YES_ERROR;
				CLANG_WARN_DOCUMENTATION_COMMENTS = YES;
				CLANG_WARN_EMPTY_BODY = YES;
				CLANG_WARN_ENUM_CONVERSION = YES;
				CLANG_WARN_INFINITE_RECURSION = YES;
				CLANG_WARN_INT_CONVERSION = YES;
				CLANG_WARN_NON_LITERAL_NULL_CONVERSION = YES;
				CLANG_WARN_OBJC_IMPLICIT_RETAIN_SELF = YES;
				CLANG_WARN_OBJC_LITERAL_CONVERSION = YES;
				CLANG_WARN_OBJC_ROOT_CLASS = YES_ERROR;
				CLANG_WARN_RANGE_LOOP_ANALYSIS = YES;
				CLANG_WARN_STRICT_PROTOTYPES = YES;
				CLANG_WARN_SUSPICIOUS_MOVE = YES;
				CLANG_WARN_UNGUARDED_AVAILABILITY = YES_AGGRESSIVE;
				CLANG_WARN_UNREACHABLE_CODE = YES;
				CLANG_WARN__DUPLICATE_METHOD_MATCH = YES;
				CODE_SIGN_IDENTITY = "iPhone Developer";
				COPY_PHASE_STRIP = NO;
				DEBUG_INFORMATION_FORMAT = "dwarf-with-dsym";
				ENABLE_NS_ASSERTIONS = NO;
				ENABLE_STRICT_OBJC_MSGSEND = YES;
				GCC_C_LANGUAGE_STANDARD = gnu11;
				GCC_NO_COMMON_BLOCKS = YES;
				GCC_WARN_64_TO_32_BIT_CONVERSION = YES;
				GCC_WARN_ABOUT_RETURN_TYPE = YES_ERROR;
				GCC_WARN_UNDECLARED_SELECTOR = YES;
				GCC_WARN_UNINITIALIZED_AUTOS = YES_AGGRESSIVE;
				GCC_WARN_UNUSED_FUNCTION = YES;
				GCC_WARN_UNUSED_VARIABLE = YES;
				IPHONEOS_DEPLOYMENT_TARGET = 12.1;
				MTL_ENABLE_DEBUG_INFO = NO;
				MTL_FAST_MATH = YES;
				SDKROOT = iphoneos;
				VALIDATE_PRODUCT = YES;
			};
			name = Release;
		};
		1C7795C5228BEF1800247155 /* Debug */ = {
			isa = XCBuildConfiguration;
			baseConfigurationReference = FFA776689CC9DAEA7BC46581 /* Pods-TQHtmlParseDemo.debug.xcconfig */;
			buildSettings = {
				ASSETCATALOG_COMPILER_APPICON_NAME = AppIcon;
				CODE_SIGN_STYLE = Automatic;
				DEVELOPMENT_TEAM = 76JSPN4743;
				INFOPLIST_FILE = TQHtmlParseDemo/Info.plist;
				LD_RUNPATH_SEARCH_PATHS = (
					"$(inherited)",
					"@executable_path/Frameworks",
				);
				PRODUCT_BUNDLE_IDENTIFIER = com.edu24ol.TQHtmlParseDemo;
				PRODUCT_NAME = "$(TARGET_NAME)";
				TARGETED_DEVICE_FAMILY = "1,2";
			};
			name = Debug;
		};
		1C7795C6228BEF1800247155 /* Release */ = {
			isa = XCBuildConfiguration;
			baseConfigurationReference = 8748AA8186704A18CE319608 /* Pods-TQHtmlParseDemo.release.xcconfig */;
			buildSettings = {
				ASSETCATALOG_COMPILER_APPICON_NAME = AppIcon;
				CODE_SIGN_STYLE = Automatic;
				DEVELOPMENT_TEAM = 76JSPN4743;
				INFOPLIST_FILE = TQHtmlParseDemo/Info.plist;
				LD_RUNPATH_SEARCH_PATHS = (
					"$(inherited)",
					"@executable_path/Frameworks",
				);
				PRODUCT_BUNDLE_IDENTIFIER = com.edu24ol.TQHtmlParseDemo;
				PRODUCT_NAME = "$(TARGET_NAME)";
				TARGETED_DEVICE_FAMILY = "1,2";
			};
			name = Release;
		};
/* End XCBuildConfiguration section */

/* Begin XCConfigurationList section */
		1C7795A9228BEF1700247155 /* Build configuration list for PBXProject "TQHtmlParseDemo" */ = {
			isa = XCConfigurationList;
			buildConfigurations = (
				1C7795C2228BEF1800247155 /* Debug */,
				1C7795C3228BEF1800247155 /* Release */,
			);
			defaultConfigurationIsVisible = 0;
			defaultConfigurationName = Release;
		};
		1C7795C4228BEF1800247155 /* Build configuration list for PBXNativeTarget "TQHtmlParseDemo" */ = {
			isa = XCConfigurationList;
			buildConfigurations = (
				1C7795C5228BEF1800247155 /* Debug */,
				1C7795C6228BEF1800247155 /* Release */,
			);
			defaultConfigurationIsVisible = 0;
			defaultConfigurationName = Release;
		};
/* End XCConfigurationList section */
	};
	rootObject = 1C7795A6228BEF1700247155 /* Project object */;
}
